
Microsoft Visual Studio Solution File, Format Version 12.00
# Visual Studio Version 17
VisualStudioVersion = 17.2.32602.215
MinimumVisualStudioVersion = 10.0.40219.1
Project("{9A19103F-16F7-4668-BE54-9A1E7A4F7556}") = "SBUhamkari", "SBUhamkari\SBUhamkari.csproj", "{12039F8B-D85C-42C3-BB54-BAB3AC9EB8C8}"
EndProject
Project("{9A19103F-16F7-4668-BE54-9A1E7A4F7556}") = "Models", "Models\Models\Models.csproj", "{E0C08279-B185-436E-8B25-54CFA93679B4}"
EndProject
Project("{9A19103F-16F7-4668-BE54-9A1E7A4F7556}") = "DAL", "DAL\DAL.csproj", "{D93E6AF5-7077-4A00-BBEF-F0375F805298}"
EndProject
Project("{9A19103F-16F7-4668-BE54-9A1E7A4F7556}") = "DALTests", "DALTests\DALTests.csproj", "{E5BB4CDB-5B0C-4EBB-AE4D-35AA601490CC}"
EndProject
Project("{FAE04EC0-301F-11D3-BF4B-00C04F79EFBC}") = "DTO", "DTO\DTO.csproj", "{C4AE1668-4664-426E-B17E-9E1EF1CB1CA3}"
EndProject
Global
	GlobalSection(SolutionConfigurationPlatforms) = preSolution
		Debug|Any CPU = Debug|Any CPU
		Release|Any CPU = Release|Any CPU
	EndGlobalSection
	GlobalSection(ProjectConfigurationPlatforms) = postSolution
		{12039F8B-D85C-42C3-BB54-BAB3AC9EB8C8}.Debug|Any CPU.ActiveCfg = Debug|Any CPU
		{12039F8B-D85C-42C3-BB54-BAB3AC9EB8C8}.Debug|Any CPU.Build.0 = Debug|Any CPU
		{12039F8B-D85C-42C3-BB54-BAB3AC9EB8C8}.Release|Any CPU.ActiveCfg = Release|Any CPU
		{12039F8B-D85C-42C3-BB54-BAB3AC9EB8C8}.Release|Any CPU.Build.0 = Release|Any CPU
		{E0C08279-B185-436E-8B25-54CFA93679B4}.Debug|Any CPU.ActiveCfg = Debug|Any CPU
		{E0C08279-B185-436E-8B25-54CFA93679B4}.Debug|Any CPU.Build.0 = Debug|Any CPU
		{E0C08279-B185-436E-8B25-54CFA93679B4}.Release|Any CPU.ActiveCfg = Release|Any CPU
		{E0C08279-B185-436E-8B25-54CFA93679B4}.Release|Any CPU.Build.0 = Release|Any CPU
		{D93E6AF5-7077-4A00-BBEF-F0375F805298}.Debug|Any CPU.ActiveCfg = Debug|Any CPU
		{D93E6AF5-7077-4A00-BBEF-F0375F805298}.Debug|Any CPU.Build.0 = Debug|Any CPU
		{D93E6AF5-7077-4A00-BBEF-F0375F805298}.Release|Any CPU.ActiveCfg = Release|Any CPU
		{D93E6AF5-7077-4A00-BBEF-F0375F805298}.Release|Any CPU.Build.0 = Release|Any CPU
		{E5BB4CDB-5B0C-4EBB-AE4D-35AA601490CC}.Debug|Any CPU.ActiveCfg = Debug|Any CPU
		{E5BB4CDB-5B0C-4EBB-AE4D-35AA601490CC}.Debug|Any CPU.Build.0 = Debug|Any CPU
		{E5BB4CDB-5B0C-4EBB-AE4D-35AA601490CC}.Release|Any CPU.ActiveCfg = Release|Any CPU
		{E5BB4CDB-5B0C-4EBB-AE4D-35AA601490CC}.Release|Any CPU.Build.0 = Release|Any CPU
		{C4AE1668-4664-426E-B17E-9E1EF1CB1CA3}.Debug|Any CPU.ActiveCfg = Debug|Any CPU
		{C4AE1668-4664-426E-B17E-9E1EF1CB1CA3}.Debug|Any CPU.Build.0 = Debug|Any CPU
		{C4AE1668-4664-426E-B17E-9E1EF1CB1CA3}.Release|Any CPU.ActiveCfg = Release|Any CPU
		{C4AE1668-4664-426E-B17E-9E1EF1CB1CA3}.Release|Any CPU.Build.0 = Release|Any CPU
	EndGlobalSection
	GlobalSection(SolutionProperties) = preSolution
		HideSolutionNode = FALSE
	EndGlobalSection
	GlobalSection(ExtensibilityGlobals) = postSolution
		SolutionGuid = {62532304-BA44-4730-9B2E-4708D1E3E86D}
	EndGlobalSection
EndGlobal
